# This file is automatically @generated by Cargo.
# It is not intended for manual editing.
version = 4

[[package]]
name = "engage-ux"
version = "0.0.0"

[[package]]
name = "engage-ux-android"
version = "0.1.0-alpha.1"

[[package]]
name = "engage-ux-ios"
version = "0.1.0-alpha.1"

[[package]]
name = "engage-ux-linux"
version = "0.1.0-alpha.1"

[[package]]
name = "engage-ux-macos"
version = "0.1.0-alpha.1"

[[package]]
name = "engage-ux-network"
version = "0.1.0-alpha.1"

[[package]]
name = "engage-ux-windows"
version = "0.1.0-alpha.1"

[[package]]
name = "engsage-ux-hardware-nvidia"
version = "0.1.0-alpha.1"
